{
  "name": "test-ide-di-validator",
  "version": "1.0.0",
  "lockfileVersion": 3,
  "requires": true,
  "packages": {
    "": {
      "name": "test-ide-di-validator",
      "version": "1.0.0",
      "dependencies": {
        "reflect-metadata": "^0.2.2",
        "tsyringe": "^4.8.0"
      },
      "devDependencies": {
        "@djodjonx/diligent": "file:../../",
        "typescript": "^5.9.3"
      }
    },
    "../..": {
      "version": "1.0.0",
      "dev": true,
      "license": "ISC",
      "devDependencies": {
        "@commitlint/cli": "^20.3.1",
        "@commitlint/config-conventional": "^20.3.1",
        "@types/node": "^25.0.8",
        "husky": "^9.1.7",
        "oxlint": "^1.39.0",
        "reflect-metadata": "^0.2.2",
        "standard-version": "^9.5.0",
        "tsdown": "0.20.0-beta.3",
        "tsx": "^4.19.0",
        "tsyringe": "^4.10.0",
        "typescript": "^5.9.3"
      },
      "peerDependencies": {
        "reflect-metadata": "^0.1.0 || ^0.2.0",
        "tsyringe": "^4.0.0"
      },
      "peerDependenciesMeta": {
        "tsyringe": {
          "optional": true
        }
      }
    },
    "../../dist/plugin": {
      "name": "ts-di-validator-plugin",
      "version": "1.0.0",
      "extraneous": true,
      "peerDependencies": {
        "typescript": ">=4.7.0"
      }
    },
    "node_modules/diligent": {
      "resolved": "../..",
      "link": true
    },
    "node_modules/reflect-metadata": {
      "version": "0.2.2",
      "resolved": "https://registry.npmjs.org/reflect-metadata/-/reflect-metadata-0.2.2.tgz",
      "integrity": "sha512-urBwgfrvVP/eAyXx4hluJivBKzuEbSQs9rKWCrCkbSxNv8mxPcUZKeuoF3Uy4mJl3Lwprp6yy5/39VWigZ4K6Q==",
      "license": "Apache-2.0"
    },
    "node_modules/tslib": {
      "version": "1.14.1",
      "resolved": "https://registry.npmjs.org/tslib/-/tslib-1.14.1.tgz",
      "integrity": "sha512-Xni35NKzjgMrwevysHTCArtLDpPvye8zV/0E4EyYn43P7/7qvQwPh9BGkHewbMulVntbigmcT7rdX3BNo9wRJg==",
      "license": "0BSD"
    },
    "node_modules/tsyringe": {
      "version": "4.10.0",
      "resolved": "https://registry.npmjs.org/tsyringe/-/tsyringe-4.10.0.tgz",
      "integrity": "sha512-axr3IdNuVIxnaK5XGEUFTu3YmAQ6lllgrvqfEoR16g/HGnYY/6We4oWENtAnzK6/LpJ2ur9PAb80RBt7/U4ugw==",
      "license": "MIT",
      "dependencies": {
        "tslib": "^1.9.3"
      },
      "engines": {
        "node": ">= 6.0.0"
      }
    },
    "node_modules/typescript": {
      "version": "5.9.3",
      "resolved": "https://registry.npmjs.org/typescript/-/typescript-5.9.3.tgz",
      "integrity": "sha512-jl1vZzPDinLr9eUt3J/t7V6FgNEw9QjvBPdysz9KfQDD41fQrC2Y4vKQdiaUpFT4bXlb1RHhLpp8wtm6M5TgSw==",
      "dev": true,
      "license": "Apache-2.0",
      "bin": {
        "tsc": "bin/tsc",
        "tsserver": "bin/tsserver"
      },
      "engines": {
        "node": ">=14.17"
      }
    }
  }
}
